
Microsoft Visual Studio Solution File, Format Version 12.00
# Visual Studio Version 16
VisualStudioVersion = 16.0.28714.193
MinimumVisualStudioVersion = 10.0.40219.1
Project("{FAE04EC0-301F-11D3-BF4B-00C04F79EFBC}") = "game HOT", "game HOT\game HOT.csproj", "{9F8F88EF-35B5-4F23-906F-822863FA201B}"
EndProject
Global
	GlobalSection(SolutionConfigurationPlatforms) = preSolution
		Debug|Any CPU = Debug|Any CPU
		Release|Any CPU = Release|Any CPU
	EndGlobalSection
	GlobalSection(ProjectConfigurationPlatforms) = postSolution
		{9F8F88EF-35B5-4F23-906F-822863FA201B}.Debug|Any CPU.ActiveCfg = Debug|Any CPU
		{9F8F88EF-35B5-4F23-906F-822863FA201B}.Debug|Any CPU.Build.0 = Debug|Any CPU
		{9F8F88EF-35B5-4F23-906F-822863FA201B}.Release|Any CPU.ActiveCfg = Release|Any CPU
		{9F8F88EF-35B5-4F23-906F-822863FA201B}.Release|Any CPU.Build.0 = Release|Any CPU
	EndGlobalSection
	GlobalSection(SolutionProperties) = preSolution
		HideSolutionNode = FALSE
	EndGlobalSection
	GlobalSection(ExtensibilityGlobals) = postSolution
		SolutionGuid = {5F2CCB1C-8E69-4E80-83CE-4201733A6914}
	EndGlobalSection
EndGlobal
